{
  "originHash" : "985ec22025708e58d074db180ce2d86af319de931190f487158ab9ddf8d719ab",
  "pins" : [
    {
      "identity" : "concentriconboarding",
      "kind" : "remoteSourceControl",
      "location" : "https://github.com/uuneo/ConcentricOnboarding.git",
      "state" : {
        "branch" : "master",
        "revision" : "b3cebee77f55f073d6113b14eb6364ea051121d5"
      }
    },
    {
      "identity" : "kingfisher",
      "kind" : "remoteSourceControl",
      "location" : "https://github.com/uuneo/Kingfisher.git",
      "state" : {
        "branch" : "master",
        "revision" : "6fd05f7d8c0bc70fd5eaac93d239f186688fbf9a"
      }
    },
    {
      "identity" : "qrscanner",
      "kind" : "remoteSourceControl",
      "location" : "https://github.com/uuneo/QRScanner.git",
      "state" : {
        "branch" : "master",
        "revision" : "0262bf06c1f4683b6cde9ee9a72f3b720147e81c"
      }
    },
    {
      "identity" : "realm-core",
      "kind" : "remoteSourceControl",
      "location" : "https://github.com/realm/realm-core.git",
      "state" : {
        "revision" : "dea51e1e9b2219689cf27b44a0206135b984f9cf",
        "version" : "14.11.1"
      }
    },
    {
      "identity" : "realm-swift",
      "kind" : "remoteSourceControl",
      "location" : "https://github.com/realm/realm-swift",
      "state" : {
        "branch" : "master",
        "revision" : "95c99a826aa06dae3ca40011491afd5acf890ad5"
      }
    },
    {
      "identity" : "sendmail",
      "kind" : "remoteSourceControl",
      "location" : "https://github.com/uuneo/SendMail.git",
      "state" : {
        "branch" : "master",
        "revision" : "229368e6d376f98bddeb6524642655fec846a2f1"
      }
    },
    {
      "identity" : "swiftyjson",
      "kind" : "remoteSourceControl",
      "location" : "https://github.com/SwiftyJSON/SwiftyJSON.git",
      "state" : {
        "revision" : "af76cf3ef710b6ca5f8c05f3a31307d44a3c5828",
        "version" : "5.0.2"
      }
    }
  ],
  "version" : 3
}
